// !$*UTF8*$!
{
	archiveVersion = 1;
	classes = {
	};
	objectVersion = 50;
	objects = {

/* Begin PBXBuildFile section */
		64BB3753213904D7001AF36A /* AppDelegate.swift in Sources */ = {isa = PBXBuildFile; fileRef = 64BB3752213904D7001AF36A /* AppDelegate.swift */; };
		64BB3755213904D7001AF36A /* ViewController.swift in Sources */ = {isa = PBXBuildFile; fileRef = 64BB3754213904D7001AF36A /* ViewController.swift */; };
		64BB3758213904D7001AF36A /* Main.storyboard in Resources */ = {isa = PBXBuildFile; fileRef = 64BB3756213904D7001AF36A /* Main.storyboard */; };
		64BB375A213904D8001AF36A /* Assets.xcassets in Resources */ = {isa = PBXBuildFile; fileRef = 64BB3759213904D8001AF36A /* Assets.xcassets */; };
		64BB375D213904D8001AF36A /* LaunchScreen.storyboard in Resources */ = {isa = PBXBuildFile; fileRef = 64BB375B213904D8001AF36A /* LaunchScreen.storyboard */; };
		64BB3768213904D9001AF36A /* TipCalculatorTests.swift in Sources */ = {isa = PBXBuildFile; fileRef = 64BB3767213904D9001AF36A /* TipCalculatorTests.swift */; };
		64BB3773213904D9001AF36A /* TipCalculatorUITests.swift in Sources */ = {isa = PBXBuildFile; fileRef = 64BB3772213904D9001AF36A /* TipCalculatorUITests.swift */; };
/* End PBXBuildFile section */

/* Begin PBXContainerItemProxy section */
		64BB3764213904D9001AF36A /* PBXContainerItemProxy */ = {
			isa = PBXContainerItemProxy;
			containerPortal = 64BB3747213904D7001AF36A /* Project object */;
			proxyType = 1;
			remoteGlobalIDString = 64BB374E213904D7001AF36A;
			remoteInfo = TipCalculator;
		};
		64BB376F213904D9001AF36A /* PBXContainerItemProxy */ = {
			isa = PBXContainerItemProxy;
			containerPortal = 64BB3747213904D7001AF36A /* Project object */;
			proxyType = 1;
			remoteGlobalIDString = 64BB374E213904D7001AF36A;
			remoteInfo = TipCalculator;
		};
/* End PBXContainerItemProxy section */

/* Begin PBXFileReference section */
		64BB374F213904D7001AF36A /* Tippy.app */ = {isa = PBXFileReference; explicitFileType = wrapper.application; includeInIndex = 0; path = Tippy.app; sourceTree = BUILT_PRODUCTS_DIR; };
		64BB3752213904D7001AF36A /* AppDelegate.swift */ = {isa = PBXFileReference; lastKnownFileType = sourcecode.swift; path = AppDelegate.swift; sourceTree = "<group>"; };
		64BB3754213904D7001AF36A /* ViewController.swift */ = {isa = PBXFileReference; lastKnownFileType = sourcecode.swift; path = ViewController.swift; sourceTree = "<group>"; };
		64BB3757213904D7001AF36A /* Base */ = {isa = PBXFileReference; lastKnownFileType = file.storyboard; name = Base; path = Base.lproj/Main.storyboard; sourceTree = "<group>"; };
		64BB3759213904D8001AF36A /* Assets.xcassets */ = {isa = PBXFileReference; lastKnownFileType = folder.assetcatalog; path = Assets.xcassets; sourceTree = "<group>"; };
		64BB375C213904D8001AF36A /* Base */ = {isa = PBXFileReference; lastKnownFileType = file.storyboard; name = Base; path = Base.lproj/LaunchScreen.storyboard; sourceTree = "<group>"; };
		64BB375E213904D9001AF36A /* Info.plist */ = {isa = PBXFileReference; lastKnownFileType = text.plist.xml; path = Info.plist; sourceTree = "<group>"; };
		64BB3763213904D9001AF36A /* TippyTests.xctest */ = {isa = PBXFileReference; explicitFileType = wrapper.cfbundle; includeInIndex = 0; path = TippyTests.xctest; sourceTree = BUILT_PRODUCTS_DIR; };
		64BB3767213904D9001AF36A /* TipCalculatorTests.swift */ = {isa = PBXFileReference; lastKnownFileType = sourcecode.swift; path = TipCalculatorTests.swift; sourceTree = "<group>"; };
		64BB3769213904D9001AF36A /* Info.plist */ = {isa = PBXFileReference; lastKnownFileType = text.plist.xml; path = Info.plist; sourceTree = "<group>"; };
		64BB376E213904D9001AF36A /* TippyUITests.xctest */ = {isa = PBXFileReference; explicitFileType = wrapper.cfbundle; includeInIndex = 0; path = TippyUITests.xctest; sourceTree = BUILT_PRODUCTS_DIR; };
		64BB3772213904D9001AF36A /* TipCalculatorUITests.swift */ = {isa = PBXFileReference; lastKnownFileType = sourcecode.swift; path = TipCalculatorUITests.swift; sourceTree = "<group>"; };
		64BB3774213904D9001AF36A /* Info.plist */ = {isa = PBXFileReference; lastKnownFileType = text.plist.xml; path = Info.plist; sourceTree = "<group>"; };
/* End PBXFileReference section */

/* Begin PBXFrameworksBuildPhase section */
		64BB374C213904D7001AF36A /* Frameworks */ = {
			isa = PBXFrameworksBuildPhase;
			buildActionMask = 2147483647;
			files = (
			);
			runOnlyForDeploymentPostprocessing = 0;
		};
		64BB3760213904D9001AF36A /* Frameworks */ = {
			isa = PBXFrameworksBuildPhase;
			buildActionMask = 2147483647;
			files = (
			);
			runOnlyForDeploymentPostprocessing = 0;
		};
		64BB376B213904D9001AF36A /* Frameworks */ = {
			isa = PBXFrameworksBuildPhase;
			buildActionMask = 2147483647;
			files = (
			);
			runOnlyForDeploymentPostprocessing = 0;
		};
/* End PBXFrameworksBuildPhase section */

/* Begin PBXGroup section */
		64BB3746213904D7001AF36A = {
			isa = PBXGroup;
			children = (
				64BB3751213904D7001AF36A /* TipCalculator */,
				64BB3766213904D9001AF36A /* TipCalculatorTests */,
				64BB3771213904D9001AF36A /* TipCalculatorUITests */,
				64BB3750213904D7001AF36A /* Products */,
			);
			sourceTree = "<group>";
		};
		64BB3750213904D7001AF36A /* Products */ = {
			isa = PBXGroup;
			children = (
				64BB374F213904D7001AF36A /* Tippy.app */,
				64BB3763213904D9001AF36A /* TippyTests.xctest */,
				64BB376E213904D9001AF36A /* TippyUITests.xctest */,
			);
			name = Products;
			sourceTree = "<group>";
		};
		64BB3751213904D7001AF36A /* TipCalculator */ = {
			isa = PBXGroup;
			children = (
				64BB3752213904D7001AF36A /* AppDelegate.swift */,
				64BB3754213904D7001AF36A /* ViewController.swift */,
				64BB3756213904D7001AF36A /* Main.storyboard */,
				64BB3759213904D8001AF36A /* Assets.xcassets */,
				64BB375B213904D8001AF36A /* LaunchScreen.storyboard */,
				64BB375E213904D9001AF36A /* Info.plist */,
			);
			path = TipCalculator;
			sourceTree = "<group>";
		};
		64BB3766213904D9001AF36A /* TipCalculatorTests */ = {
			isa = PBXGroup;
			children = (
				64BB3767213904D9001AF36A /* TipCalculatorTests.swift */,
				64BB3769213904D9001AF36A /* Info.plist */,
			);
			path = TipCalculatorTests;
			sourceTree = "<group>";
		};
		64BB3771213904D9001AF36A /* TipCalculatorUITests */ = {
			isa = PBXGroup;
			children = (
				64BB3772213904D9001AF36A /* TipCalculatorUITests.swift */,
				64BB3774213904D9001AF36A /* Info.plist */,
			);
			path = TipCalculatorUITests;
			sourceTree = "<group>";
		};
/* End PBXGroup section */

/* Begin PBXNativeTarget section */
		64BB374E213904D7001AF36A /* Tippy */ = {
			isa = PBXNativeTarget;
			buildConfigurationList = 64BB3777213904D9001AF36A /* Build configuration list for PBXNativeTarget "Tippy" */;
			buildPhases = (
				64BB374B213904D7001AF36A /* Sources */,
				64BB374C213904D7001AF36A /* Frameworks */,
				64BB374D213904D7001AF36A /* Resources */,
			);
			buildRules = (
			);
			dependencies = (
			);
			name = Tippy;
			productName = TipCalculator;
			productReference = 64BB374F213904D7001AF36A /* Tippy.app */;
			productType = "com.apple.product-type.application";
		};
		64BB3762213904D9001AF36A /* TippyTests */ = {
			isa = PBXNativeTarget;
			buildConfigurationList = 64BB377A213904D9001AF36A /* Build configuration list for PBXNativeTarget "TippyTests" */;
			buildPhases = (
				64BB375F213904D9001AF36A /* Sources */,
				64BB3760213904D9001AF36A /* Frameworks */,
				64BB3761213904D9001AF36A /* Resources */,
			);
			buildRules = (
			);
			dependencies = (
				64BB3765213904D9001AF36A /* PBXTargetDependency */,
			);
			name = TippyTests;
			productName = TipCalculatorTests;
			productReference = 64BB3763213904D9001AF36A /* TippyTests.xctest */;
			productType = "com.apple.product-type.bundle.unit-test";
		};
		64BB376D213904D9001AF36A /* TippyUITests */ = {
			isa = PBXNativeTarget;
			buildConfigurationList = 64BB377D213904D9001AF36A /* Build configuration list for PBXNativeTarget "TippyUITests" */;
			buildPhases = (
				64BB376A213904D9001AF36A /* Sources */,
				64BB376B213904D9001AF36A /* Frameworks */,
				64BB376C213904D9001AF36A /* Resources */,
			);
			buildRules = (
			);
			dependencies = (
				64BB3770213904D9001AF36A /* PBXTargetDependency */,
			);
			name = TippyUITests;
			productName = TipCalculatorUITests;
			productReference = 64BB376E213904D9001AF36A /* TippyUITests.xctest */;
			productType = "com.apple.product-type.bundle.ui-testing";
		};
/* End PBXNativeTarget section */

/* Begin PBXProject section */
		64BB3747213904D7001AF36A /* Project object */ = {
			isa = PBXProject;
			attributes = {
				LastSwiftUpdateCheck = 0930;
				LastUpgradeCheck = 0930;
				ORGANIZATIONNAME = "Ka Lee";
				TargetAttributes = {
					64BB374E213904D7001AF36A = {
						CreatedOnToolsVersion = 9.3;
					};
					64BB3762213904D9001AF36A = {
						CreatedOnToolsVersion = 9.3;
						TestTargetID = 64BB374E213904D7001AF36A;
					};
					64BB376D213904D9001AF36A = {
						CreatedOnToolsVersion = 9.3;
						TestTargetID = 64BB374E213904D7001AF36A;
					};
				};
			};
			buildConfigurationList = 64BB374A213904D7001AF36A /* Build configuration list for PBXProject "Tippy" */;
			compatibilityVersion = "Xcode 9.3";
			developmentRegion = en;
			hasScannedForEncodings = 0;
			knownRegions = (
				en,
				Base,
			);
			mainGroup = 64BB3746213904D7001AF36A;
			productRefGroup = 64BB3750213904D7001AF36A /* Products */;
			projectDirPath = "";
			projectRoot = "";
			targets = (
				64BB374E213904D7001AF36A /* Tippy */,
				64BB3762213904D9001AF36A /* TippyTests */,
				64BB376D213904D9001AF36A /* TippyUITests */,
			);
		};
/* End PBXProject section */

/* Begin PBXResourcesBuildPhase section */
		64BB374D213904D7001AF36A /* Resources */ = {
			isa = PBXResourcesBuildPhase;
			buildActionMask = 2147483647;
			files = (
				64BB375D213904D8001AF36A /* LaunchScreen.storyboard in Resources */,
				64BB375A213904D8001AF36A /* Assets.xcassets in Resources */,
				64BB3758213904D7001AF36A /* Main.storyboard in Resources */,
			);
			runOnlyForDeploymentPostprocessing = 0;
		};
		64BB3761213904D9001AF36A /* Resources */ = {
			isa = PBXResourcesBuildPhase;
			buildActionMask = 2147483647;
			files = (
			);
			runOnlyForDeploymentPostprocessing = 0;
		};
		64BB376C213904D9001AF36A /* Resources */ = {
			isa = PBXResourcesBuildPhase;
			buildActionMask = 2147483647;
			files = (
			);
			runOnlyForDeploymentPostprocessing = 0;
		};
/* End PBXResourcesBuildPhase section */

/* Begin PBXSourcesBuildPhase section */
		64BB374B213904D7001AF36A /* Sources */ = {
			isa = PBXSourcesBuildPhase;
			buildActionMask = 2147483647;
			files = (
				64BB3755213904D7001AF36A /* ViewController.swift in Sources */,
				64BB3753213904D7001AF36A /* AppDelegate.swift in Sources */,
			);
			runOnlyForDeploymentPostprocessing = 0;
		};
		64BB375F213904D9001AF36A /* Sources */ = {
			isa = PBXSourcesBuildPhase;
			buildActionMask = 2147483647;
			files = (
				64BB3768213904D9001AF36A /* TipCalculatorTests.swift in Sources */,
			);
			runOnlyForDeploymentPostprocessing = 0;
		};
		64BB376A213904D9001AF36A /* Sources */ = {
			isa = PBXSourcesBuildPhase;
			buildActionMask = 2147483647;
			files = (
				64BB3773213904D9001AF36A /* TipCalculatorUITests.swift in Sources */,
			);
			runOnlyForDeploymentPostprocessing = 0;
		};
/* End PBXSourcesBuildPhase section */

/* Begin PBXTargetDependency section */
		64BB3765213904D9001AF36A /* PBXTargetDependency */ = {
			isa = PBXTargetDependency;
			target = 64BB374E213904D7001AF36A /* Tippy */;
			targetProxy = 64BB3764213904D9001AF36A /* PBXContainerItemProxy */;
		};
		64BB3770213904D9001AF36A /* PBXTargetDependency */ = {
			isa = PBXTargetDependency;
			target = 64BB374E213904D7001AF36A /* Tippy */;
			targetProxy = 64BB376F213904D9001AF36A /* PBXContainerItemProxy */;
		};
/* End PBXTargetDependency section */

/* Begin PBXVariantGroup section */
		64BB3756213904D7001AF36A /* Main.storyboard */ = {
			isa = PBXVariantGroup;
			children = (
				64BB3757213904D7001AF36A /* Base */,
			);
			name = Main.storyboard;
			sourceTree = "<group>";
		};
		64BB375B213904D8001AF36A /* LaunchScreen.storyboard */ = {
			isa = PBXVariantGroup;
			children = (
				64BB375C213904D8001AF36A /* Base */,
			);
			name = LaunchScreen.storyboard;
			sourceTree = "<group>";
		};
/* End PBXVariantGroup section */

/* Begin XCBuildConfiguration section */
		64BB3775213904D9001AF36A /* Debug */ = {
			isa = XCBuildConfiguration;
			buildSettings = {
				ALWAYS_SEARCH_USER_PATHS = NO;
				CLANG_ANALYZER_NONNULL = YES;
				CLANG_ANALYZER_NUMBER_OBJECT_CONVERSION = YES_AGGRESSIVE;
				CLANG_CXX_LANGUAGE_STANDARD = "gnu++14";
				CLANG_CXX_LIBRARY = "libc++";
				CLANG_ENABLE_MODULES = YES;
				CLANG_ENABLE_OBJC_ARC = YES;
				CLANG_ENABLE_OBJC_WEAK = YES;
				CLANG_WARN_BLOCK_CAPTURE_AUTORELEASING = YES;
				CLANG_WARN_BOOL_CONVERSION = YES;
				CLANG_WARN_COMMA = YES;
				CLANG_WARN_CONSTANT_CONVERSION = YES;
				CLANG_WARN_DEPRECATED_OBJC_IMPLEMENTATIONS = YES;
				CLANG_WARN_DIRECT_OBJC_ISA_USAGE = YES_ERROR;
				CLANG_WARN_DOCUMENTATION_COMMENTS = YES;
				CLANG_WARN_EMPTY_BODY = YES;
				CLANG_WARN_ENUM_CONVERSION = YES;
				CLANG_WARN_INFINITE_RECURSION = YES;
				CLANG_WARN_INT_CONVERSION = YES;
				CLANG_WARN_NON_LITERAL_NULL_CONVERSION = YES;
				CLANG_WARN_OBJC_IMPLICIT_RETAIN_SELF = YES;
				CLANG_WARN_OBJC_LITERAL_CONVERSION = YES;
				CLANG_WARN_OBJC_ROOT_CLASS = YES_ERROR;
				CLANG_WARN_RANGE_LOOP_ANALYSIS = YES;
				CLANG_WARN_STRICT_PROTOTYPES = YES;
				CLANG_WARN_SUSPICIOUS_MOVE = YES;
				CLANG_WARN_UNGUARDED_AVAILABILITY = YES_AGGRESSIVE;
				CLANG_WARN_UNREACHABLE_CODE = YES;
				CLANG_WARN__DUPLICATE_METHOD_MATCH = YES;
				CODE_SIGN_IDENTITY = "iPhone Developer";
				COPY_PHASE_STRIP = NO;
				DEBUG_INFORMATION_FORMAT = dwarf;
				ENABLE_STRICT_OBJC_MSGSEND = YES;
				ENABLE_TESTABILITY = YES;
				GCC_C_LANGUAGE_STANDARD = gnu11;
				GCC_DYNAMIC_NO_PIC = NO;
				GCC_NO_COMMON_BLOCKS = YES;
				GCC_OPTIMIZATION_LEVEL = 0;
				GCC_PREPROCESSOR_DEFINITIONS = (
					"DEBUG=1",
					"$(inherited)",
				);
				GCC_WARN_64_TO_32_BIT_CONVERSION = YES;
				GCC_WARN_ABOUT_RETURN_TYPE = YES_ERROR;
				GCC_WARN_UNDECLARED_SELECTOR = YES;
				GCC_WARN_UNINITIALIZED_AUTOS = YES_AGGRESSIVE;
				GCC_WARN_UNUSED_FUNCTION = YES;
				GCC_WARN_UNUSED_VARIABLE = YES;
				IPHONEOS_DEPLOYMENT_TARGET = 11.3;
				MTL_ENABLE_DEBUG_INFO = YES;
				ONLY_ACTIVE_ARCH = YES;
				SDKROOT = iphoneos;
				SWIFT_ACTIVE_COMPILATION_CONDITIONS = DEBUG;
				SWIFT_OPTIMIZATION_LEVEL = "-Onone";
			};
			name = Debug;
		};
		64BB3776213904D9001AF36A /* Release */ = {
			isa = XCBuildConfiguration;
			buildSettings = {
				ALWAYS_SEARCH_USER_PATHS = NO;
				CLANG_ANALYZER_NONNULL = YES;
				CLANG_ANALYZER_NUMBER_OBJECT_CONVERSION = YES_AGGRESSIVE;
				CLANG_CXX_LANGUAGE_STANDARD = "gnu++14";
				CLANG_CXX_LIBRARY = "libc++";
				CLANG_ENABLE_MODULES = YES;
				CLANG_ENABLE_OBJC_ARC = YES;
				CLANG_ENABLE_OBJC_WEAK = YES;
				CLANG_WARN_BLOCK_CAPTURE_AUTORELEASING = YES;
				CLANG_WARN_BOOL_CONVERSION = YES;
				CLANG_WARN_COMMA = YES;
				CLANG_WARN_CONSTANT_CONVERSION = YES;
				CLANG_WARN_DEPRECATED_OBJC_IMPLEMENTATIONS = YES;
				CLANG_WARN_DIRECT_OBJC_ISA_USAGE = YES_ERROR;
				CLANG_WARN_DOCUMENTATION_COMMENTS = YES;
				CLANG_WARN_EMPTY_BODY = YES;
				CLANG_WARN_ENUM_CONVERSION = YES;
				CLANG_WARN_INFINITE_RECURSION = YES;
				CLANG_WARN_INT_CONVERSION = YES;
				CLANG_WARN_NON_LITERAL_NULL_CONVERSION = YES;
				CLANG_WARN_OBJC_IMPLICIT_RETAIN_SELF = YES;
				CLANG_WARN_OBJC_LITERAL_CONVERSION = YES;
				CLANG_WARN_OBJC_ROOT_CLASS = YES_ERROR;
				CLANG_WARN_RANGE_LOOP_ANALYSIS = YES;
				CLANG_WARN_STRICT_PROTOTYPES = YES;
				CLANG_WARN_SUSPICIOUS_MOVE = YES;
				CLANG_WARN_UNGUARDED_AVAILABILITY = YES_AGGRESSIVE;
				CLANG_WARN_UNREACHABLE_CODE = YES;
				CLANG_WARN__DUPLICATE_METHOD_MATCH = YES;
				CODE_SIGN_IDENTITY = "iPhone Developer";
				COPY_PHASE_STRIP = NO;
				DEBUG_INFORMATION_FORMAT = "dwarf-with-dsym";
				ENABLE_NS_ASSERTIONS = NO;
				ENABLE_STRICT_OBJC_MSGSEND = YES;
				GCC_C_LANGUAGE_STANDARD = gnu11;
				GCC_NO_COMMON_BLOCKS = YES;
				GCC_WARN_64_TO_32_BIT_CONVERSION = YES;
				GCC_WARN_ABOUT_RETURN_TYPE = YES_ERROR;
				GCC_WARN_UNDECLARED_SELECTOR = YES;
				GCC_WARN_UNINITIALIZED_AUTOS = YES_AGGRESSIVE;
				GCC_WARN_UNUSED_FUNCTION = YES;
				GCC_WARN_UNUSED_VARIABLE = YES;
				IPHONEOS_DEPLOYMENT_TARGET = 11.3;
				MTL_ENABLE_DEBUG_INFO = NO;
				SDKROOT = iphoneos;
				SWIFT_COMPILATION_MODE = wholemodule;
				SWIFT_OPTIMIZATION_LEVEL = "-O";
				VALIDATE_PRODUCT = YES;
			};
			name = Release;
		};
		64BB3778213904D9001AF36A /* Debug */ = {
			isa = XCBuildConfiguration;
			buildSettings = {
				ASSETCATALOG_COMPILER_APPICON_NAME = AppIcon;
				CODE_SIGN_STYLE = Automatic;
				INFOPLIST_FILE = TipCalculator/Info.plist;
				LD_RUNPATH_SEARCH_PATHS = (
					"$(inherited)",
					"@executable_path/Frameworks",
				);
				PRODUCT_BUNDLE_IDENTIFIER = CodePath.TipCalculator;
				PRODUCT_NAME = "$(TARGET_NAME)";
				SWIFT_VERSION = 4.0;
				TARGETED_DEVICE_FAMILY = "1,2";
			};
			name = Debug;
		};
		64BB3779213904D9001AF36A /* Release */ = {
			isa = XCBuildConfiguration;
			buildSettings = {
				ASSETCATALOG_COMPILER_APPICON_NAME = AppIcon;
				CODE_SIGN_STYLE = Automatic;
				INFOPLIST_FILE = TipCalculator/Info.plist;
				LD_RUNPATH_SEARCH_PATHS = (
					"$(inherited)",
					"@executable_path/Frameworks",
				);
				PRODUCT_BUNDLE_IDENTIFIER = CodePath.TipCalculator;
				PRODUCT_NAME = "$(TARGET_NAME)";
				SWIFT_VERSION = 4.0;
				TARGETED_DEVICE_FAMILY = "1,2";
			};
			name = Release;
		};
		64BB377B213904D9001AF36A /* Debug */ = {
			isa = XCBuildConfiguration;
			buildSettings = {
				ALWAYS_EMBED_SWIFT_STANDARD_LIBRARIES = YES;
				BUNDLE_LOADER = "$(TEST_HOST)";
				CODE_SIGN_STYLE = Automatic;
				INFOPLIST_FILE = TipCalculatorTests/Info.plist;
				LD_RUNPATH_SEARCH_PATHS = (
					"$(inherited)",
					"@executable_path/Frameworks",
					"@loader_path/Frameworks",
				);
				PRODUCT_BUNDLE_IDENTIFIER = CodePath.TipCalculatorTests;
				PRODUCT_NAME = "$(TARGET_NAME)";
				SWIFT_VERSION = 4.0;
				TARGETED_DEVICE_FAMILY = "1,2";
				TEST_HOST = "$(BUILT_PRODUCTS_DIR)/Tippy.app/Tippy";
			};
			name = Debug;
		};
		64BB377C213904D9001AF36A /* Release */ = {
			isa = XCBuildConfiguration;
			buildSettings = {
				ALWAYS_EMBED_SWIFT_STANDARD_LIBRARIES = YES;
				BUNDLE_LOADER = "$(TEST_HOST)";
				CODE_SIGN_STYLE = Automatic;
				INFOPLIST_FILE = TipCalculatorTests/Info.plist;
				LD_RUNPATH_SEARCH_PATHS = (
					"$(inherited)",
					"@executable_path/Frameworks",
					"@loader_path/Frameworks",
				);
				PRODUCT_BUNDLE_IDENTIFIER = CodePath.TipCalculatorTests;
				PRODUCT_NAME = "$(TARGET_NAME)";
				SWIFT_VERSION = 4.0;
				TARGETED_DEVICE_FAMILY = "1,2";
				TEST_HOST = "$(BUILT_PRODUCTS_DIR)/Tippy.app/Tippy";
			};
			name = Release;
		};
		64BB377E213904D9001AF36A /* Debug */ = {
			isa = XCBuildConfiguration;
			buildSettings = {
				ALWAYS_EMBED_SWIFT_STANDARD_LIBRARIES = YES;
				CODE_SIGN_STYLE = Automatic;
				INFOPLIST_FILE = TipCalculatorUITests/Info.plist;
				LD_RUNPATH_SEARCH_PATHS = (
					"$(inherited)",
					"@executable_path/Frameworks",
					"@loader_path/Frameworks",
				);
				PRODUCT_BUNDLE_IDENTIFIER = CodePath.TipCalculatorUITests;
				PRODUCT_NAME = "$(TARGET_NAME)";
				SWIFT_VERSION = 4.0;
				TARGETED_DEVICE_FAMILY = "1,2";
				TEST_TARGET_NAME = TipCalculator;
			};
			name = Debug;
		};
		64BB377F213904D9001AF36A /* Release */ = {
			isa = XCBuildConfiguration;
			buildSettings = {
				ALWAYS_EMBED_SWIFT_STANDARD_LIBRARIES = YES;
				CODE_SIGN_STYLE = Automatic;
				INFOPLIST_FILE = TipCalculatorUITests/Info.plist;
				LD_RUNPATH_SEARCH_PATHS = (
					"$(inherited)",
					"@executable_path/Frameworks",
					"@loader_path/Frameworks",
				);
				PRODUCT_BUNDLE_IDENTIFIER = CodePath.TipCalculatorUITests;
				PRODUCT_NAME = "$(TARGET_NAME)";
				SWIFT_VERSION = 4.0;
				TARGETED_DEVICE_FAMILY = "1,2";
				TEST_TARGET_NAME = TipCalculator;
			};
			name = Release;
		};
/* End XCBuildConfiguration section */

/* Begin XCConfigurationList section */
		64BB374A213904D7001AF36A /* Build configuration list for PBXProject "Tippy" */ = {
			isa = XCConfigurationList;
			buildConfigurations = (
				64BB3775213904D9001AF36A /* Debug */,
				64BB3776213904D9001AF36A /* Release */,
			);
			defaultConfigurationIsVisible = 0;
			defaultConfigurationName = Release;
		};
		64BB3777213904D9001AF36A /* Build configuration list for PBXNativeTarget "Tippy" */ = {
			isa = XCConfigurationList;
			buildConfigurations = (
				64BB3778213904D9001AF36A /* Debug */,
				64BB3779213904D9001AF36A /* Release */,
			);
			defaultConfigurationIsVisible = 0;
			defaultConfigurationName = Release;
		};
		64BB377A213904D9001AF36A /* Build configuration list for PBXNativeTarget "TippyTests" */ = {
			isa = XCConfigurationList;
			buildConfigurations = (
				64BB377B213904D9001AF36A /* Debug */,
				64BB377C213904D9001AF36A /* Release */,
			);
			defaultConfigurationIsVisible = 0;
			defaultConfigurationName = Release;
		};
		64BB377D213904D9001AF36A /* Build configuration list for PBXNativeTarget "TippyUITests" */ = {
			isa = XCConfigurationList;
			buildConfigurations = (
				64BB377E213904D9001AF36A /* Debug */,
				64BB377F213904D9001AF36A /* Release */,
			);
			defaultConfigurationIsVisible = 0;
			defaultConfigurationName = Release;
		};
/* End XCConfigurationList section */
	};
	rootObject = 64BB3747213904D7001AF36A /* Project object */;
}
